
Microsoft Visual Studio Solution File, Format Version 12.00
# Visual Studio Version 17
VisualStudioVersion = 17.14.36811.4 d17.14
MinimumVisualStudioVersion = 10.0.40219.1
Project("{FAE04EC0-301F-11D3-BF4B-00C04F79EFBC}") = "TaskFlow.API", "TaskFlow.API.csproj", "{3E4AD1AF-84B5-4B30-85B9-73B37517FCA9}"
EndProject
Global
	GlobalSection(SolutionConfigurationPlatforms) = preSolution
		Debug|Any CPU = Debug|Any CPU
		Release|Any CPU = Release|Any CPU
	EndGlobalSection
	GlobalSection(ProjectConfigurationPlatforms) = postSolution
		{3E4AD1AF-84B5-4B30-85B9-73B37517FCA9}.Debug|Any CPU.ActiveCfg = Debug|Any CPU
		{3E4AD1AF-84B5-4B30-85B9-73B37517FCA9}.Debug|Any CPU.Build.0 = Debug|Any CPU
		{3E4AD1AF-84B5-4B30-85B9-73B37517FCA9}.Release|Any CPU.ActiveCfg = Release|Any CPU
		{3E4AD1AF-84B5-4B30-85B9-73B37517FCA9}.Release|Any CPU.Build.0 = Release|Any CPU
	EndGlobalSection
	GlobalSection(SolutionProperties) = preSolution
		HideSolutionNode = FALSE
	EndGlobalSection
	GlobalSection(ExtensibilityGlobals) = postSolution
		SolutionGuid = {3220062F-065D-494D-A420-42298F93CA73}
	EndGlobalSection
EndGlobal
